
Microsoft Visual Studio Solution File, Format Version 12.00
# Visual Studio Version 17
VisualStudioVersion = 17.14.36915.13 d17.14
MinimumVisualStudioVersion = 10.0.40219.1
Project("{FAE04EC0-301F-11D3-BF4B-00C04F79EFBC}") = "Jaberish", "Jaberish.csproj", "{10034E2B-CEC5-C01B-5DFD-8C780E665174}"
EndProject
Global
	GlobalSection(SolutionConfigurationPlatforms) = preSolution
		Debug|Any CPU = Debug|Any CPU
		Release|Any CPU = Release|Any CPU
	EndGlobalSection
	GlobalSection(ProjectConfigurationPlatforms) = postSolution
		{10034E2B-CEC5-C01B-5DFD-8C780E665174}.Debug|Any CPU.ActiveCfg = Debug|Any CPU
		{10034E2B-CEC5-C01B-5DFD-8C780E665174}.Debug|Any CPU.Build.0 = Debug|Any CPU
		{10034E2B-CEC5-C01B-5DFD-8C780E665174}.Release|Any CPU.ActiveCfg = Release|Any CPU
		{10034E2B-CEC5-C01B-5DFD-8C780E665174}.Release|Any CPU.Build.0 = Release|Any CPU
	EndGlobalSection
	GlobalSection(SolutionProperties) = preSolution
		HideSolutionNode = FALSE
	EndGlobalSection
	GlobalSection(ExtensibilityGlobals) = postSolution
		SolutionGuid = {483280CA-35D6-4AEA-A758-7D5E743D642E}
	EndGlobalSection
EndGlobal
